
Microsoft Visual Studio Solution File, Format Version 12.00
# Visual Studio Version 17
VisualStudioVersion = 17.9.34723.18
MinimumVisualStudioVersion = 10.0.40219.1
Project("{888888A0-9F3D-457C-B088-3A5042F75D52}") = "Perch_Assignment10", "Perch_Assignment10.pyproj", "{B116C5A9-BACA-4226-891D-558D1C36771C}"
EndProject
Global
	GlobalSection(SolutionConfigurationPlatforms) = preSolution
		Debug|Any CPU = Debug|Any CPU
		Release|Any CPU = Release|Any CPU
	EndGlobalSection
	GlobalSection(ProjectConfigurationPlatforms) = postSolution
		{B116C5A9-BACA-4226-891D-558D1C36771C}.Debug|Any CPU.ActiveCfg = Debug|Any CPU
		{B116C5A9-BACA-4226-891D-558D1C36771C}.Release|Any CPU.ActiveCfg = Release|Any CPU
	EndGlobalSection
	GlobalSection(SolutionProperties) = preSolution
		HideSolutionNode = FALSE
	EndGlobalSection
	GlobalSection(ExtensibilityGlobals) = postSolution
		SolutionGuid = {13C3211A-EB43-433B-A2F6-079E96C3A2E5}
	EndGlobalSection
EndGlobal
